
Microsoft Visual Studio Solution File, Format Version 12.00
# Visual Studio Version 17
VisualStudioVersion = 17.3.32819.101
MinimumVisualStudioVersion = 10.0.40219.1
Project("{FAE04EC0-301F-11D3-BF4B-00C04F79EFBC}") = "Lab1_Varlamov", "Lab1_Varlamov\Lab1_Varlamov.csproj", "{C9863755-2A85-4F0E-AE31-071EE1F9D534}"
EndProject
Global
	GlobalSection(SolutionConfigurationPlatforms) = preSolution
		Debug|Any CPU = Debug|Any CPU
		Release|Any CPU = Release|Any CPU
	EndGlobalSection
	GlobalSection(ProjectConfigurationPlatforms) = postSolution
		{C9863755-2A85-4F0E-AE31-071EE1F9D534}.Debug|Any CPU.ActiveCfg = Debug|Any CPU
		{C9863755-2A85-4F0E-AE31-071EE1F9D534}.Debug|Any CPU.Build.0 = Debug|Any CPU
		{C9863755-2A85-4F0E-AE31-071EE1F9D534}.Release|Any CPU.ActiveCfg = Release|Any CPU
		{C9863755-2A85-4F0E-AE31-071EE1F9D534}.Release|Any CPU.Build.0 = Release|Any CPU
	EndGlobalSection
	GlobalSection(SolutionProperties) = preSolution
		HideSolutionNode = FALSE
	EndGlobalSection
	GlobalSection(ExtensibilityGlobals) = postSolution
		SolutionGuid = {E1F5DBE7-177F-40CC-9CC9-C99ECA38E62A}
	EndGlobalSection
EndGlobal
