
Microsoft Visual Studio Solution File, Format Version 12.00
# Visual Studio Version 17
VisualStudioVersion = 17.3.32819.101
MinimumVisualStudioVersion = 10.0.40219.1
Project("{FAE04EC0-301F-11D3-BF4B-00C04F79EFBC}") = "LabFirst_Varlamov", "LabFirst_Varlamov\LabFirst_Varlamov.csproj", "{5FA32717-909C-4725-9792-AE15F4B4D651}"
EndProject
Project("{FAE04EC0-301F-11D3-BF4B-00C04F79EFBC}") = "Lib_3", "Lib_3\Lib_3.csproj", "{25655E58-2E13-4A32-824D-67DDD15B115F}"
EndProject
Global
	GlobalSection(SolutionConfigurationPlatforms) = preSolution
		Debug|Any CPU = Debug|Any CPU
		Release|Any CPU = Release|Any CPU
	EndGlobalSection
	GlobalSection(ProjectConfigurationPlatforms) = postSolution
		{5FA32717-909C-4725-9792-AE15F4B4D651}.Debug|Any CPU.ActiveCfg = Debug|Any CPU
		{5FA32717-909C-4725-9792-AE15F4B4D651}.Debug|Any CPU.Build.0 = Debug|Any CPU
		{5FA32717-909C-4725-9792-AE15F4B4D651}.Release|Any CPU.ActiveCfg = Release|Any CPU
		{5FA32717-909C-4725-9792-AE15F4B4D651}.Release|Any CPU.Build.0 = Release|Any CPU
		{25655E58-2E13-4A32-824D-67DDD15B115F}.Debug|Any CPU.ActiveCfg = Debug|Any CPU
		{25655E58-2E13-4A32-824D-67DDD15B115F}.Debug|Any CPU.Build.0 = Debug|Any CPU
		{25655E58-2E13-4A32-824D-67DDD15B115F}.Release|Any CPU.ActiveCfg = Release|Any CPU
		{25655E58-2E13-4A32-824D-67DDD15B115F}.Release|Any CPU.Build.0 = Release|Any CPU
	EndGlobalSection
	GlobalSection(SolutionProperties) = preSolution
		HideSolutionNode = FALSE
	EndGlobalSection
	GlobalSection(ExtensibilityGlobals) = postSolution
		SolutionGuid = {35573132-7E0F-4ED8-8E44-EEFCD2BA87F1}
	EndGlobalSection
EndGlobal
